{
    "_readme": [
        "This file locks the dependencies of your project to a known state",
        "Read more about it at https://getcomposer.org/doc/01-basic-usage.md#composer-lock-the-lock-file",
        "This file is @generated automatically"
    ],
    "hash": "ab676e7f44caa8ae6a263a778df90e14",
    "content-hash": "8e11022d17ec7f1f72edfc0c58b10f8f",
    "packages": [
        {
            "name": "nosto/php-sdk",
            "version": "dev-develop",
            "source": {
                "type": "git",
                "url": "https://github.com/Nosto/php-sdk.git",
                "reference": "3e33dfb585bc26bcca23d04bb217ebe02222b543"
            },
            "dist": {
                "type": "zip",
                "url": "https://api.github.com/repos/Nosto/php-sdk/zipball/3e33dfb585bc26bcca23d04bb217ebe02222b543",
                "reference": "3e33dfb585bc26bcca23d04bb217ebe02222b543",
                "shasum": ""
            },
            "require-dev": {
                "codeception/aspect-mock": "0.5.3",
                "codeception/codeception": "2.0.0",
                "codeception/specify": "0.4.1"
            },
            "type": "library",
            "license": [
                "BSD-3-Clause"
            ],
            "description": "PHP SDK for developing Nosto modules for e-commerce platforms",
            "support": {
                "source": "https://github.com/Nosto/php-sdk/tree/develop",
                "issues": "https://github.com/Nosto/php-sdk/issues"
            },
            "time": "2015-10-30 14:25:43"
        }
    ],
    "packages-dev": [],
    "aliases": [],
    "minimum-stability": "dev",
    "stability-flags": {
        "nosto/php-sdk": 20
    },
    "prefer-stable": false,
    "prefer-lowest": false,
    "platform": {
        "php": "~5.5.0|~5.6.0"
    },
    "platform-dev": []
}
