{
    "_readme": [
        "This file locks the dependencies of your project to a known state",
        "Read more about it at https://getcomposer.org/doc/01-basic-usage.md#composer-lock-the-lock-file",
        "This file is @generated automatically"
    ],
    "hash": "ca14ab7c83f98d1fefb4261faf0a96a9",
    "content-hash": "5d3350575c92b3dd229272116b99084f",
    "packages": [
        {
            "name": "nosto/php-sdk",
            "version": "dev-feature/add-data-transfer-objects",
            "source": {
                "type": "git",
                "url": "https://github.com/Nosto/php-sdk.git",
                "reference": "dbf6c4af7ae6a579bcead0e9991d54e1d391955a"
            },
            "dist": {
                "type": "zip",
                "url": "https://api.github.com/repos/Nosto/php-sdk/zipball/dbf6c4af7ae6a579bcead0e9991d54e1d391955a",
                "reference": "dbf6c4af7ae6a579bcead0e9991d54e1d391955a",
                "shasum": ""
            },
            "require-dev": {
                "codeception/aspect-mock": "0.5.3",
                "codeception/codeception": "2.0.0",
                "codeception/specify": "0.4.1"
            },
            "type": "library",
            "license": [
                "BSD-3-Clause"
            ],
            "description": "PHP SDK for developing Nosto modules for e-commerce platforms",
            "support": {
                "source": "https://github.com/Nosto/php-sdk/tree/feature/add-data-transfer-objects",
                "issues": "https://github.com/Nosto/php-sdk/issues"
            },
            "time": "2015-10-23 12:36:31"
        }
    ],
    "packages-dev": [],
    "aliases": [],
    "minimum-stability": "dev",
    "stability-flags": {
        "nosto/php-sdk": 20
    },
    "prefer-stable": false,
    "prefer-lowest": false,
    "platform": {
        "php": "~5.5.0|~5.6.0"
    },
    "platform-dev": []
}
